
Microsoft Visual Studio Solution File, Format Version 12.00
# Visual Studio Version 16
VisualStudioVersion = 16.0.30225.117
MinimumVisualStudioVersion = 10.0.40219.1
Project("{FAE04EC0-301F-11D3-BF4B-00C04F79EFBC}") = "SimpleCstructor", "SimpleCstructor\SimpleCstructor.csproj", "{E2229B58-DA32-4F77-954F-A67E1B41D372}"
EndProject
Global
	GlobalSection(SolutionConfigurationPlatforms) = preSolution
		Debug|Any CPU = Debug|Any CPU
		Release|Any CPU = Release|Any CPU
	EndGlobalSection
	GlobalSection(ProjectConfigurationPlatforms) = postSolution
		{E2229B58-DA32-4F77-954F-A67E1B41D372}.Debug|Any CPU.ActiveCfg = Debug|Any CPU
		{E2229B58-DA32-4F77-954F-A67E1B41D372}.Debug|Any CPU.Build.0 = Debug|Any CPU
		{E2229B58-DA32-4F77-954F-A67E1B41D372}.Release|Any CPU.ActiveCfg = Release|Any CPU
		{E2229B58-DA32-4F77-954F-A67E1B41D372}.Release|Any CPU.Build.0 = Release|Any CPU
	EndGlobalSection
	GlobalSection(SolutionProperties) = preSolution
		HideSolutionNode = FALSE
	EndGlobalSection
	GlobalSection(ExtensibilityGlobals) = postSolution
		SolutionGuid = {A480E139-6334-449C-98F3-77ECB328B613}
	EndGlobalSection
EndGlobal
